
Microsoft Visual Studio Solution File, Format Version 12.00
# Visual Studio 15
VisualStudioVersion = 15.0.28307.168
MinimumVisualStudioVersion = 10.0.40219.1
Project("{9A19103F-16F7-4668-BE54-9A1E7A4F7556}") = "HttpWorker", "HttpWorker\HttpWorker.csproj", "{45D23AC3-D7BB-4303-9E89-66C4EF4EDCBF}"
EndProject
Project("{9A19103F-16F7-4668-BE54-9A1E7A4F7556}") = "TestAPI", "TestAPI\TestAPI.csproj", "{7D8C32A3-ACCF-42B9-A38D-05E63AC4AEEA}"
EndProject
Project("{9A19103F-16F7-4668-BE54-9A1E7A4F7556}") = "TestConsoleApp", "TestConsoleApp\TestConsoleApp.csproj", "{51FF52B5-21BA-424C-9B06-C943B0121570}"
EndProject
Project("{FAE04EC0-301F-11D3-BF4B-00C04F79EFBC}") = "TestWindowsFormsApp", "TestWindowsFormsApp\TestWindowsFormsApp.csproj", "{ED416857-1008-4A6A-B418-C7343CF09B25}"
EndProject
Project("{FAE04EC0-301F-11D3-BF4B-00C04F79EFBC}") = "HttpWorkerNUnitTests", "HttpWorkerNUnitTests\HttpWorkerNUnitTests.csproj", "{14BA0A8A-05AC-4F77-8D08-E6298024EC5C}"
EndProject
Global
	GlobalSection(SolutionConfigurationPlatforms) = preSolution
		Debug|Any CPU = Debug|Any CPU
		Release|Any CPU = Release|Any CPU
	EndGlobalSection
	GlobalSection(ProjectConfigurationPlatforms) = postSolution
		{45D23AC3-D7BB-4303-9E89-66C4EF4EDCBF}.Debug|Any CPU.ActiveCfg = Debug|Any CPU
		{45D23AC3-D7BB-4303-9E89-66C4EF4EDCBF}.Debug|Any CPU.Build.0 = Debug|Any CPU
		{45D23AC3-D7BB-4303-9E89-66C4EF4EDCBF}.Release|Any CPU.ActiveCfg = Release|Any CPU
		{45D23AC3-D7BB-4303-9E89-66C4EF4EDCBF}.Release|Any CPU.Build.0 = Release|Any CPU
		{7D8C32A3-ACCF-42B9-A38D-05E63AC4AEEA}.Debug|Any CPU.ActiveCfg = Debug|Any CPU
		{7D8C32A3-ACCF-42B9-A38D-05E63AC4AEEA}.Debug|Any CPU.Build.0 = Debug|Any CPU
		{7D8C32A3-ACCF-42B9-A38D-05E63AC4AEEA}.Release|Any CPU.ActiveCfg = Release|Any CPU
		{7D8C32A3-ACCF-42B9-A38D-05E63AC4AEEA}.Release|Any CPU.Build.0 = Release|Any CPU
		{51FF52B5-21BA-424C-9B06-C943B0121570}.Debug|Any CPU.ActiveCfg = Debug|Any CPU
		{51FF52B5-21BA-424C-9B06-C943B0121570}.Debug|Any CPU.Build.0 = Debug|Any CPU
		{51FF52B5-21BA-424C-9B06-C943B0121570}.Release|Any CPU.ActiveCfg = Release|Any CPU
		{51FF52B5-21BA-424C-9B06-C943B0121570}.Release|Any CPU.Build.0 = Release|Any CPU
		{ED416857-1008-4A6A-B418-C7343CF09B25}.Debug|Any CPU.ActiveCfg = Debug|Any CPU
		{ED416857-1008-4A6A-B418-C7343CF09B25}.Debug|Any CPU.Build.0 = Debug|Any CPU
		{ED416857-1008-4A6A-B418-C7343CF09B25}.Release|Any CPU.ActiveCfg = Release|Any CPU
		{ED416857-1008-4A6A-B418-C7343CF09B25}.Release|Any CPU.Build.0 = Release|Any CPU
		{14BA0A8A-05AC-4F77-8D08-E6298024EC5C}.Debug|Any CPU.ActiveCfg = Debug|Any CPU
		{14BA0A8A-05AC-4F77-8D08-E6298024EC5C}.Debug|Any CPU.Build.0 = Debug|Any CPU
		{14BA0A8A-05AC-4F77-8D08-E6298024EC5C}.Release|Any CPU.ActiveCfg = Release|Any CPU
		{14BA0A8A-05AC-4F77-8D08-E6298024EC5C}.Release|Any CPU.Build.0 = Release|Any CPU
	EndGlobalSection
	GlobalSection(SolutionProperties) = preSolution
		HideSolutionNode = FALSE
	EndGlobalSection
	GlobalSection(ExtensibilityGlobals) = postSolution
		SolutionGuid = {31045099-BE02-4840-B151-046056EAAFEA}
	EndGlobalSection
EndGlobal
